{
  "nodes": {
    "nixpkgs": {
      "locked": {
        "lastModified": 1599903709,
        "narHash": "sha256-tinVKY7zRdSXmVOp7BAulNtIb2iP5nvNp5UAxihKXNI=",
        "owner": "NixOS",
        "repo": "nixpkgs",
        "rev": "252bfe0107587d40092057f338e9ffcf7bbd90cb",
        "type": "github"
      },
      "original": {
        "id": "nixpkgs",
        "ref": "nixos-20.03",
        "type": "indirect"
      }
    },
    "root": {
      "inputs": {
        "nixpkgs": "nixpkgs"
      }
    }
  },
  "root": "root",
  "version": 7
}
